// !$*UTF8*$!
{
	archiveVersion = 1;
	classes = {
	};
	objectVersion = 53;
	objects = {

/* Begin PBXBuildFile section */
		460C1B4D2A418DC300C5AD5C /* libcrypto.a in Frameworks */ = {isa = PBXBuildFile; fileRef = 460C1B4B2A418DC300C5AD5C /* libcrypto.a */; };
		460C1B4E2A418DC300C5AD5C /* libssl.a in Frameworks */ = {isa = PBXBuildFile; fileRef = 460C1B4C2A418DC300C5AD5C /* libssl.a */; };
		46A33CBE2A418AEA007961F5 /* main.cpp in Sources */ = {isa = PBXBuildFile; fileRef = 46A33CBD2A418AEA007961F5 /* main.cpp */; };
/* End PBXBuildFile section */

/* Begin PBXCopyFilesBuildPhase section */
		467A41072A23CA4F008D9252 /* CopyFiles */ = {
			isa = PBXCopyFilesBuildPhase;
			buildActionMask = 2147483647;
			dstPath = /usr/share/man/man1/;
			dstSubfolderSpec = 0;
			files = (
			);
			runOnlyForDeploymentPostprocessing = 1;
		};
/* End PBXCopyFilesBuildPhase section */

/* Begin PBXFileReference section */
		460C1B4B2A418DC300C5AD5C /* libcrypto.a */ = {isa = PBXFileReference; lastKnownFileType = archive.ar; name = libcrypto.a; path = "../../../../universal/openssl/openssl-1.1.1k/lib/libcrypto.a"; sourceTree = "<group>"; };
		460C1B4C2A418DC300C5AD5C /* libssl.a */ = {isa = PBXFileReference; lastKnownFileType = archive.ar; name = libssl.a; path = "../../../../universal/openssl/openssl-1.1.1k/lib/libssl.a"; sourceTree = "<group>"; };
		467A41092A23CA4F008D9252 /* mitm-proxy */ = {isa = PBXFileReference; explicitFileType = "compiled.mach-o.executable"; includeInIndex = 0; path = "mitm-proxy"; sourceTree = BUILT_PRODUCTS_DIR; };
		46A33CBD2A418AEA007961F5 /* main.cpp */ = {isa = PBXFileReference; fileEncoding = 4; lastKnownFileType = sourcecode.cpp.cpp; path = main.cpp; sourceTree = "<group>"; };
		46E94D102A38BE4A00FC04F5 /* libssl.a */ = {isa = PBXFileReference; lastKnownFileType = archive.ar; name = libssl.a; path = "../../../universal/openssl/openssl-1.1.1k/lib/libssl.a"; sourceTree = "<group>"; };
		46E94D112A38BE4B00FC04F5 /* libcrypto.a */ = {isa = PBXFileReference; lastKnownFileType = archive.ar; name = libcrypto.a; path = "../../../universal/openssl/openssl-1.1.1k/lib/libcrypto.a"; sourceTree = "<group>"; };
/* End PBXFileReference section */

/* Begin PBXFrameworksBuildPhase section */
		467A41062A23CA4F008D9252 /* Frameworks */ = {
			isa = PBXFrameworksBuildPhase;
			buildActionMask = 2147483647;
			files = (
				460C1B4D2A418DC300C5AD5C /* libcrypto.a in Frameworks */,
				460C1B4E2A418DC300C5AD5C /* libssl.a in Frameworks */,
			);
			runOnlyForDeploymentPostprocessing = 0;
		};
/* End PBXFrameworksBuildPhase section */

/* Begin PBXGroup section */
		467A41002A23CA4F008D9252 = {
			isa = PBXGroup;
			children = (
				46A33CBA2A4188A4007961F5 /* mitm-proxy */,
				467A410A2A23CA4F008D9252 /* Products */,
				467A411D2A23CB67008D9252 /* Frameworks */,
			);
			sourceTree = "<group>";
		};
		467A410A2A23CA4F008D9252 /* Products */ = {
			isa = PBXGroup;
			children = (
				467A41092A23CA4F008D9252 /* mitm-proxy */,
			);
			name = Products;
			sourceTree = "<group>";
		};
		467A411D2A23CB67008D9252 /* Frameworks */ = {
			isa = PBXGroup;
			children = (
				460C1B4B2A418DC300C5AD5C /* libcrypto.a */,
				460C1B4C2A418DC300C5AD5C /* libssl.a */,
				46E94D112A38BE4B00FC04F5 /* libcrypto.a */,
				46E94D102A38BE4A00FC04F5 /* libssl.a */,
			);
			name = Frameworks;
			sourceTree = "<group>";
		};
		46A33CBA2A4188A4007961F5 /* mitm-proxy */ = {
			isa = PBXGroup;
			children = (
				46A33CBD2A418AEA007961F5 /* main.cpp */,
			);
			path = "mitm-proxy";
			sourceTree = "<group>";
		};
/* End PBXGroup section */

/* Begin PBXNativeTarget section */
		467A41082A23CA4F008D9252 /* mitm-proxy */ = {
			isa = PBXNativeTarget;
			buildConfigurationList = 467A41102A23CA4F008D9252 /* Build configuration list for PBXNativeTarget "mitm-proxy" */;
			buildPhases = (
				467A41052A23CA4F008D9252 /* Sources */,
				467A41062A23CA4F008D9252 /* Frameworks */,
				467A41072A23CA4F008D9252 /* CopyFiles */,
				467A41252A23CBED008D9252 /* ShellScript */,
			);
			buildRules = (
			);
			dependencies = (
			);
			name = "mitm-proxy";
			productName = "mitm-proxy";
			productReference = 467A41092A23CA4F008D9252 /* mitm-proxy */;
			productType = "com.apple.product-type.tool";
		};
/* End PBXNativeTarget section */

/* Begin PBXProject section */
		467A41012A23CA4F008D9252 /* Project object */ = {
			isa = PBXProject;
			attributes = {
				BuildIndependentTargetsInParallel = 1;
				LastUpgradeCheck = 1410;
				TargetAttributes = {
					467A41082A23CA4F008D9252 = {
						CreatedOnToolsVersion = 14.1;
					};
				};
			};
			buildConfigurationList = 467A41042A23CA4F008D9252 /* Build configuration list for PBXProject "mitm-proxy" */;
			compatibilityVersion = "Xcode 9.3";
			developmentRegion = en;
			hasScannedForEncodings = 0;
			knownRegions = (
				en,
				Base,
			);
			mainGroup = 467A41002A23CA4F008D9252;
			productRefGroup = 467A410A2A23CA4F008D9252 /* Products */;
			projectDirPath = "";
			projectRoot = "";
			targets = (
				467A41082A23CA4F008D9252 /* mitm-proxy */,
			);
		};
/* End PBXProject section */

/* Begin PBXShellScriptBuildPhase section */
		467A41252A23CBED008D9252 /* ShellScript */ = {
			isa = PBXShellScriptBuildPhase;
			buildActionMask = 2147483647;
			files = (
			);
			inputFileListPaths = (
			);
			inputPaths = (
			);
			outputFileListPaths = (
			);
			outputPaths = (
			);
			runOnlyForDeploymentPostprocessing = 0;
			shellPath = /bin/sh;
			shellScript = "# certs\ncp -Rf ./cert ./DerivedData/mitm-proxy/Build/Products/${CONFIGURATION}\n";
			showEnvVarsInLog = 0;
		};
/* End PBXShellScriptBuildPhase section */

/* Begin PBXSourcesBuildPhase section */
		467A41052A23CA4F008D9252 /* Sources */ = {
			isa = PBXSourcesBuildPhase;
			buildActionMask = 2147483647;
			files = (
				46A33CBE2A418AEA007961F5 /* main.cpp in Sources */,
			);
			runOnlyForDeploymentPostprocessing = 0;
		};
/* End PBXSourcesBuildPhase section */

/* Begin XCBuildConfiguration section */
		467A410E2A23CA4F008D9252 /* Debug */ = {
			isa = XCBuildConfiguration;
			buildSettings = {
				ALWAYS_SEARCH_USER_PATHS = NO;
				CLANG_ANALYZER_NONNULL = YES;
				CLANG_ANALYZER_NUMBER_OBJECT_CONVERSION = YES_AGGRESSIVE;
				CLANG_CXX_LANGUAGE_STANDARD = "gnu++17";
				CLANG_ENABLE_MODULES = YES;
				CLANG_ENABLE_OBJC_ARC = YES;
				CLANG_ENABLE_OBJC_WEAK = YES;
				CLANG_WARN_BLOCK_CAPTURE_AUTORELEASING = YES;
				CLANG_WARN_BOOL_CONVERSION = YES;
				CLANG_WARN_COMMA = YES;
				CLANG_WARN_CONSTANT_CONVERSION = YES;
				CLANG_WARN_DEPRECATED_OBJC_IMPLEMENTATIONS = YES;
				CLANG_WARN_DIRECT_OBJC_ISA_USAGE = YES_ERROR;
				CLANG_WARN_DOCUMENTATION_COMMENTS = YES;
				CLANG_WARN_EMPTY_BODY = YES;
				CLANG_WARN_ENUM_CONVERSION = YES;
				CLANG_WARN_INFINITE_RECURSION = YES;
				CLANG_WARN_INT_CONVERSION = YES;
				CLANG_WARN_NON_LITERAL_NULL_CONVERSION = YES;
				CLANG_WARN_OBJC_IMPLICIT_RETAIN_SELF = YES;
				CLANG_WARN_OBJC_LITERAL_CONVERSION = YES;
				CLANG_WARN_OBJC_ROOT_CLASS = YES_ERROR;
				CLANG_WARN_QUOTED_INCLUDE_IN_FRAMEWORK_HEADER = YES;
				CLANG_WARN_RANGE_LOOP_ANALYSIS = YES;
				CLANG_WARN_STRICT_PROTOTYPES = YES;
				CLANG_WARN_SUSPICIOUS_MOVE = YES;
				CLANG_WARN_UNGUARDED_AVAILABILITY = YES_AGGRESSIVE;
				CLANG_WARN_UNREACHABLE_CODE = YES;
				CLANG_WARN__DUPLICATE_METHOD_MATCH = YES;
				COPY_PHASE_STRIP = NO;
				DEBUG_INFORMATION_FORMAT = dwarf;
				ENABLE_STRICT_OBJC_MSGSEND = YES;
				ENABLE_TESTABILITY = YES;
				GCC_C_LANGUAGE_STANDARD = gnu11;
				GCC_DYNAMIC_NO_PIC = NO;
				GCC_NO_COMMON_BLOCKS = YES;
				GCC_OPTIMIZATION_LEVEL = 0;
				GCC_PREPROCESSOR_DEFINITIONS = (
					"DEBUG=1",
					"$(inherited)",
				);
				GCC_WARN_64_TO_32_BIT_CONVERSION = YES;
				GCC_WARN_ABOUT_RETURN_TYPE = YES_ERROR;
				GCC_WARN_UNDECLARED_SELECTOR = YES;
				GCC_WARN_UNINITIALIZED_AUTOS = YES_AGGRESSIVE;
				GCC_WARN_UNUSED_FUNCTION = YES;
				GCC_WARN_UNUSED_VARIABLE = YES;
				MACOSX_DEPLOYMENT_TARGET = 10.15;
				MTL_ENABLE_DEBUG_INFO = INCLUDE_SOURCE;
				MTL_FAST_MATH = YES;
				ONLY_ACTIVE_ARCH = YES;
				SDKROOT = macosx;
			};
			name = Debug;
		};
		467A410F2A23CA4F008D9252 /* Release */ = {
			isa = XCBuildConfiguration;
			buildSettings = {
				ALWAYS_SEARCH_USER_PATHS = NO;
				CLANG_ANALYZER_NONNULL = YES;
				CLANG_ANALYZER_NUMBER_OBJECT_CONVERSION = YES_AGGRESSIVE;
				CLANG_CXX_LANGUAGE_STANDARD = "gnu++17";
				CLANG_ENABLE_MODULES = YES;
				CLANG_ENABLE_OBJC_ARC = YES;
				CLANG_ENABLE_OBJC_WEAK = YES;
				CLANG_WARN_BLOCK_CAPTURE_AUTORELEASING = YES;
				CLANG_WARN_BOOL_CONVERSION = YES;
				CLANG_WARN_COMMA = YES;
				CLANG_WARN_CONSTANT_CONVERSION = YES;
				CLANG_WARN_DEPRECATED_OBJC_IMPLEMENTATIONS = YES;
				CLANG_WARN_DIRECT_OBJC_ISA_USAGE = YES_ERROR;
				CLANG_WARN_DOCUMENTATION_COMMENTS = YES;
				CLANG_WARN_EMPTY_BODY = YES;
				CLANG_WARN_ENUM_CONVERSION = YES;
				CLANG_WARN_INFINITE_RECURSION = YES;
				CLANG_WARN_INT_CONVERSION = YES;
				CLANG_WARN_NON_LITERAL_NULL_CONVERSION = YES;
				CLANG_WARN_OBJC_IMPLICIT_RETAIN_SELF = YES;
				CLANG_WARN_OBJC_LITERAL_CONVERSION = YES;
				CLANG_WARN_OBJC_ROOT_CLASS = YES_ERROR;
				CLANG_WARN_QUOTED_INCLUDE_IN_FRAMEWORK_HEADER = YES;
				CLANG_WARN_RANGE_LOOP_ANALYSIS = YES;
				CLANG_WARN_STRICT_PROTOTYPES = YES;
				CLANG_WARN_SUSPICIOUS_MOVE = YES;
				CLANG_WARN_UNGUARDED_AVAILABILITY = YES_AGGRESSIVE;
				CLANG_WARN_UNREACHABLE_CODE = YES;
				CLANG_WARN__DUPLICATE_METHOD_MATCH = YES;
				COPY_PHASE_STRIP = NO;
				DEBUG_INFORMATION_FORMAT = "dwarf-with-dsym";
				ENABLE_NS_ASSERTIONS = NO;
				ENABLE_STRICT_OBJC_MSGSEND = YES;
				GCC_C_LANGUAGE_STANDARD = gnu11;
				GCC_NO_COMMON_BLOCKS = YES;
				GCC_WARN_64_TO_32_BIT_CONVERSION = YES;
				GCC_WARN_ABOUT_RETURN_TYPE = YES_ERROR;
				GCC_WARN_UNDECLARED_SELECTOR = YES;
				GCC_WARN_UNINITIALIZED_AUTOS = YES_AGGRESSIVE;
				GCC_WARN_UNUSED_FUNCTION = YES;
				GCC_WARN_UNUSED_VARIABLE = YES;
				MACOSX_DEPLOYMENT_TARGET = 10.15;
				MTL_ENABLE_DEBUG_INFO = NO;
				MTL_FAST_MATH = YES;
				SDKROOT = macosx;
			};
			name = Release;
		};
		467A41112A23CA4F008D9252 /* Debug */ = {
			isa = XCBuildConfiguration;
			buildSettings = {
				CLANG_CXX_LANGUAGE_STANDARD = "c++17";
				CODE_SIGN_STYLE = Automatic;
				GCC_C_LANGUAGE_STANDARD = c99;
				HEADER_SEARCH_PATHS = (
					"$HOME/universal/openssl/openssl-1.1.1k/include",
					$HOME/universal/boost_1_74_0/include,
				);
				LIBRARY_SEARCH_PATHS = (
					"$HOME/universal/openssl/openssl-1.1.1k/lib",
					$HOME/universal/boost_1_74_0/lib,
					"$(PROJECT_DIR)/DerivedData/mitm-proxy/Build/Products/Debug",
				);
				MACOSX_DEPLOYMENT_TARGET = 10.15;
				PRODUCT_NAME = "$(TARGET_NAME)";
			};
			name = Debug;
		};
		467A41122A23CA4F008D9252 /* Release */ = {
			isa = XCBuildConfiguration;
			buildSettings = {
				CLANG_CXX_LANGUAGE_STANDARD = "c++17";
				CODE_SIGN_STYLE = Automatic;
				GCC_C_LANGUAGE_STANDARD = c99;
				HEADER_SEARCH_PATHS = (
					"$HOME/universal/openssl/openssl-1.1.1k/include",
					$HOME/universal/boost_1_74_0/include,
				);
				LIBRARY_SEARCH_PATHS = (
					"$HOME/universal/openssl/openssl-1.1.1k/lib",
					$HOME/universal/boost_1_74_0/lib,
					"$(PROJECT_DIR)/DerivedData/mitm-proxy/Build/Products/Debug",
				);
				MACOSX_DEPLOYMENT_TARGET = 10.15;
				PRODUCT_NAME = "$(TARGET_NAME)";
			};
			name = Release;
		};
/* End XCBuildConfiguration section */

/* Begin XCConfigurationList section */
		467A41042A23CA4F008D9252 /* Build configuration list for PBXProject "mitm-proxy" */ = {
			isa = XCConfigurationList;
			buildConfigurations = (
				467A410E2A23CA4F008D9252 /* Debug */,
				467A410F2A23CA4F008D9252 /* Release */,
			);
			defaultConfigurationIsVisible = 0;
			defaultConfigurationName = Release;
		};
		467A41102A23CA4F008D9252 /* Build configuration list for PBXNativeTarget "mitm-proxy" */ = {
			isa = XCConfigurationList;
			buildConfigurations = (
				467A41112A23CA4F008D9252 /* Debug */,
				467A41122A23CA4F008D9252 /* Release */,
			);
			defaultConfigurationIsVisible = 0;
			defaultConfigurationName = Release;
		};
/* End XCConfigurationList section */
	};
	rootObject = 467A41012A23CA4F008D9252 /* Project object */;
}
